
Microsoft Visual Studio Solution File, Format Version 12.00
# Visual Studio Version 17
VisualStudioVersion = 17.5.33115.389
MinimumVisualStudioVersion = 10.0.40219.1
Project("{FAE04EC0-301F-11D3-BF4B-00C04F79EFBC}") = "CssIsolationBug", "CssIsolationBug\CssIsolationBug.csproj", "{047E695C-2C9E-4CCF-8075-C5EA84BA79C0}"
EndProject
Global
	GlobalSection(SolutionConfigurationPlatforms) = preSolution
		Debug|Any CPU = Debug|Any CPU
		Release|Any CPU = Release|Any CPU
	EndGlobalSection
	GlobalSection(ProjectConfigurationPlatforms) = postSolution
		{047E695C-2C9E-4CCF-8075-C5EA84BA79C0}.Debug|Any CPU.ActiveCfg = Debug|Any CPU
		{047E695C-2C9E-4CCF-8075-C5EA84BA79C0}.Debug|Any CPU.Build.0 = Debug|Any CPU
		{047E695C-2C9E-4CCF-8075-C5EA84BA79C0}.Release|Any CPU.ActiveCfg = Release|Any CPU
		{047E695C-2C9E-4CCF-8075-C5EA84BA79C0}.Release|Any CPU.Build.0 = Release|Any CPU
	EndGlobalSection
	GlobalSection(SolutionProperties) = preSolution
		HideSolutionNode = FALSE
	EndGlobalSection
	GlobalSection(ExtensibilityGlobals) = postSolution
		SolutionGuid = {7F313472-9924-4196-AFE2-10E10614DA49}
	EndGlobalSection
EndGlobal
